# THIS IS AN AUTOGENERATED FILE. DO NOT EDIT THIS FILE DIRECTLY.
# yarn lockfile v1


"@types/node@^12.11.1":
  version "12.11.2"
  resolved "https://registry.npmjs.org/@types/node/-/node-12.11.2.tgz#75ba3beda30d690b89a5089ca1c6e8e386150b76"
  integrity sha512-dsfE4BHJkLQW+reOS6b17xhZ/6FB1rB8eRRvO08nn5o+voxf3i74tuyFWNH6djdfgX7Sm5s6LD8t6mJug4dpDw==
