# THIS IS AN AUTOGENERATED FILE. DO NOT EDIT THIS FILE DIRECTLY.
# yarn lockfile v1


"@types/node@^12.11.1":
  version "12.11.2"
  resolved "https://registry.npmjs.org/@types/node/-/node-12.11.2.tgz#75ba3beda30d690b89a5089ca1c6e8e386150b76"
  integrity sha512-dsfE4BHJkLQW+reOS6b17xhZ/6FB1rB8eRRvO08nn5o+voxf3i74tuyFWNH6djdfgX7Sm5s6LD8t6mJug4dpDw==

colors@^1.4.0:
  version "1.4.0"
  resolved "https://registry.yarnpkg.com/colors/-/colors-1.4.0.tgz#c50491479d4c1bdaed2c9ced32cf7c7dc2360f78"
  integrity sha512-a+UqTh4kgZg/SlGvfbzDHpgRu7AAQOmmqRHJnxhRZICKFUT91brVhNNt58CMWU9PsBbv3PDCZUHbVxuDiH2mtA==

futoin-hkdf@^1.2.1:
  version "1.2.1"
  resolved "https://registry.npmjs.org/futoin-hkdf/-/futoin-hkdf-1.2.1.tgz#fcfc5af3049e9c5be1034d9420ef2073ab018d56"
  integrity sha512-3VpqjhVhR/UCEs87YsUAvY59oimbAehXzJPBmYEMJZfOnPYoV8B92f1spBcuNlWsGIX+MWavCZI/Kw/w4b79IA==
